
Microsoft Visual Studio Solution File, Format Version 12.00
# Visual Studio Version 16
VisualStudioVersion = 16.0.31515.178
MinimumVisualStudioVersion = 10.0.40219.1
Project("{FAE04EC0-301F-11D3-BF4B-00C04F79EFBC}") = "ArrayPractise", "ArrayPractise\ArrayPractise.csproj", "{612BC7B7-0DFD-4708-8EC9-16F911974304}"
EndProject
Global
	GlobalSection(SolutionConfigurationPlatforms) = preSolution
		Debug|Any CPU = Debug|Any CPU
		Release|Any CPU = Release|Any CPU
	EndGlobalSection
	GlobalSection(ProjectConfigurationPlatforms) = postSolution
		{612BC7B7-0DFD-4708-8EC9-16F911974304}.Debug|Any CPU.ActiveCfg = Debug|Any CPU
		{612BC7B7-0DFD-4708-8EC9-16F911974304}.Debug|Any CPU.Build.0 = Debug|Any CPU
		{612BC7B7-0DFD-4708-8EC9-16F911974304}.Release|Any CPU.ActiveCfg = Release|Any CPU
		{612BC7B7-0DFD-4708-8EC9-16F911974304}.Release|Any CPU.Build.0 = Release|Any CPU
	EndGlobalSection
	GlobalSection(SolutionProperties) = preSolution
		HideSolutionNode = FALSE
	EndGlobalSection
	GlobalSection(ExtensibilityGlobals) = postSolution
		SolutionGuid = {52747856-64FF-4FA2-8D43-0D35E07FDE99}
	EndGlobalSection
EndGlobal
